// !$*UTF8*$!
{
	archiveVersion = 1;
	classes = {
	};
	objectVersion = 56;
	objects = {

/* Begin PBXBuildFile section */
		06C154C82C5A7D7D009EA917 /* AppDelegate.swift in Sources */ = {isa = PBXBuildFile; fileRef = 06C154C72C5A7D7D009EA917 /* AppDelegate.swift */; };
		06C154CA2C5A7D7D009EA917 /* SceneDelegate.swift in Sources */ = {isa = PBXBuildFile; fileRef = 06C154C92C5A7D7D009EA917 /* SceneDelegate.swift */; };
		06C154CC2C5A7D7D009EA917 /* ViewController.swift in Sources */ = {isa = PBXBuildFile; fileRef = 06C154CB2C5A7D7D009EA917 /* ViewController.swift */; };
		06C154D12C5A7D7F009EA917 /* Assets.xcassets in Resources */ = {isa = PBXBuildFile; fileRef = 06C154D02C5A7D7F009EA917 /* Assets.xcassets */; };
		06C154D42C5A7D7F009EA917 /* Base in Resources */ = {isa = PBXBuildFile; fileRef = 06C154D32C5A7D7F009EA917 /* Base */; };
		06C154DD2C5A7DB0009EA917 /* SnapKit in Frameworks */ = {isa = PBXBuildFile; productRef = 06C154DC2C5A7DB0009EA917 /* SnapKit */; };
		06C154E02C5A7DC7009EA917 /* RxCocoa in Frameworks */ = {isa = PBXBuildFile; productRef = 06C154DF2C5A7DC7009EA917 /* RxCocoa */; };
		06C154E22C5A7DC7009EA917 /* RxSwift in Frameworks */ = {isa = PBXBuildFile; productRef = 06C154E12C5A7DC7009EA917 /* RxSwift */; };
		06C154E62C5A7E0B009EA917 /* .gitignore in Resources */ = {isa = PBXBuildFile; fileRef = 06C154E52C5A7E0B009EA917 /* .gitignore */; };
		06C154EB2C5AA597009EA917 /* AddVC.swift in Sources */ = {isa = PBXBuildFile; fileRef = 06C154EA2C5AA597009EA917 /* AddVC.swift */; };
		06C154ED2C5BCCE7009EA917 /* Resource.swift in Sources */ = {isa = PBXBuildFile; fileRef = 06C154EC2C5BCCE7009EA917 /* Resource.swift */; };
		06C155092C5BCD0B009EA917 /* SignInViewController.swift in Sources */ = {isa = PBXBuildFile; fileRef = 06C154F82C5BCD0B009EA917 /* SignInViewController.swift */; };
		06C1550A2C5BCD0B009EA917 /* SignInViewModel.swift in Sources */ = {isa = PBXBuildFile; fileRef = 06C154F92C5BCD0B009EA917 /* SignInViewModel.swift */; };
		06C1550B2C5BCD0B009EA917 /* PointButton.swift in Sources */ = {isa = PBXBuildFile; fileRef = 06C154FB2C5BCD0B009EA917 /* PointButton.swift */; };
		06C1550C2C5BCD0B009EA917 /* SignTextField.swift in Sources */ = {isa = PBXBuildFile; fileRef = 06C154FC2C5BCD0B009EA917 /* SignTextField.swift */; };
		06C1550D2C5BCD0B009EA917 /* BirthdayViewController.swift in Sources */ = {isa = PBXBuildFile; fileRef = 06C154FE2C5BCD0B009EA917 /* BirthdayViewController.swift */; };
		06C1550E2C5BCD0B009EA917 /* NicknameViewController.swift in Sources */ = {isa = PBXBuildFile; fileRef = 06C154FF2C5BCD0B009EA917 /* NicknameViewController.swift */; };
		06C1550F2C5BCD0B009EA917 /* PhoneViewController.swift in Sources */ = {isa = PBXBuildFile; fileRef = 06C155002C5BCD0B009EA917 /* PhoneViewController.swift */; };
		06C155102C5BCD0B009EA917 /* DetailViewController.swift in Sources */ = {isa = PBXBuildFile; fileRef = 06C155022C5BCD0B009EA917 /* DetailViewController.swift */; };
		06C155112C5BCD0B009EA917 /* SearchTableViewCell.swift in Sources */ = {isa = PBXBuildFile; fileRef = 06C155032C5BCD0B009EA917 /* SearchTableViewCell.swift */; };
		06C155122C5BCD0B009EA917 /* SearchViewController.swift in Sources */ = {isa = PBXBuildFile; fileRef = 06C155042C5BCD0B009EA917 /* SearchViewController.swift */; };
		06C155132C5BCD0B009EA917 /* PasswordViewController.swift in Sources */ = {isa = PBXBuildFile; fileRef = 06C155062C5BCD0B009EA917 /* PasswordViewController.swift */; };
		06C155142C5BCD0B009EA917 /* SignUpViewController.swift in Sources */ = {isa = PBXBuildFile; fileRef = 06C155072C5BCD0B009EA917 /* SignUpViewController.swift */; };
/* End PBXBuildFile section */

/* Begin PBXFileReference section */
		06C154C42C5A7D7D009EA917 /* RxSwiftPractice.app */ = {isa = PBXFileReference; explicitFileType = wrapper.application; includeInIndex = 0; path = RxSwiftPractice.app; sourceTree = BUILT_PRODUCTS_DIR; };
		06C154C72C5A7D7D009EA917 /* AppDelegate.swift */ = {isa = PBXFileReference; lastKnownFileType = sourcecode.swift; path = AppDelegate.swift; sourceTree = "<group>"; };
		06C154C92C5A7D7D009EA917 /* SceneDelegate.swift */ = {isa = PBXFileReference; lastKnownFileType = sourcecode.swift; path = SceneDelegate.swift; sourceTree = "<group>"; };
		06C154CB2C5A7D7D009EA917 /* ViewController.swift */ = {isa = PBXFileReference; lastKnownFileType = sourcecode.swift; path = ViewController.swift; sourceTree = "<group>"; };
		06C154D02C5A7D7F009EA917 /* Assets.xcassets */ = {isa = PBXFileReference; lastKnownFileType = folder.assetcatalog; path = Assets.xcassets; sourceTree = "<group>"; };
		06C154D32C5A7D7F009EA917 /* Base */ = {isa = PBXFileReference; lastKnownFileType = file.storyboard; name = Base; path = Base.lproj/LaunchScreen.storyboard; sourceTree = "<group>"; };
		06C154D52C5A7D7F009EA917 /* Info.plist */ = {isa = PBXFileReference; lastKnownFileType = text.plist.xml; path = Info.plist; sourceTree = "<group>"; };
		06C154E52C5A7E0B009EA917 /* .gitignore */ = {isa = PBXFileReference; lastKnownFileType = text; path = .gitignore; sourceTree = "<group>"; };
		06C154EA2C5AA597009EA917 /* AddVC.swift */ = {isa = PBXFileReference; lastKnownFileType = sourcecode.swift; path = AddVC.swift; sourceTree = "<group>"; };
		06C154EC2C5BCCE7009EA917 /* Resource.swift */ = {isa = PBXFileReference; fileEncoding = 4; lastKnownFileType = sourcecode.swift; path = Resource.swift; sourceTree = "<group>"; };
		06C154F82C5BCD0B009EA917 /* SignInViewController.swift */ = {isa = PBXFileReference; fileEncoding = 4; lastKnownFileType = sourcecode.swift; path = SignInViewController.swift; sourceTree = "<group>"; };
		06C154F92C5BCD0B009EA917 /* SignInViewModel.swift */ = {isa = PBXFileReference; fileEncoding = 4; lastKnownFileType = sourcecode.swift; path = SignInViewModel.swift; sourceTree = "<group>"; };
		06C154FB2C5BCD0B009EA917 /* PointButton.swift */ = {isa = PBXFileReference; fileEncoding = 4; lastKnownFileType = sourcecode.swift; path = PointButton.swift; sourceTree = "<group>"; };
		06C154FC2C5BCD0B009EA917 /* SignTextField.swift */ = {isa = PBXFileReference; fileEncoding = 4; lastKnownFileType = sourcecode.swift; path = SignTextField.swift; sourceTree = "<group>"; };
		06C154FE2C5BCD0B009EA917 /* BirthdayViewController.swift */ = {isa = PBXFileReference; fileEncoding = 4; lastKnownFileType = sourcecode.swift; path = BirthdayViewController.swift; sourceTree = "<group>"; };
		06C154FF2C5BCD0B009EA917 /* NicknameViewController.swift */ = {isa = PBXFileReference; fileEncoding = 4; lastKnownFileType = sourcecode.swift; path = NicknameViewController.swift; sourceTree = "<group>"; };
		06C155002C5BCD0B009EA917 /* PhoneViewController.swift */ = {isa = PBXFileReference; fileEncoding = 4; lastKnownFileType = sourcecode.swift; path = PhoneViewController.swift; sourceTree = "<group>"; };
		06C155022C5BCD0B009EA917 /* DetailViewController.swift */ = {isa = PBXFileReference; fileEncoding = 4; lastKnownFileType = sourcecode.swift; path = DetailViewController.swift; sourceTree = "<group>"; };
		06C155032C5BCD0B009EA917 /* SearchTableViewCell.swift */ = {isa = PBXFileReference; fileEncoding = 4; lastKnownFileType = sourcecode.swift; path = SearchTableViewCell.swift; sourceTree = "<group>"; };
		06C155042C5BCD0B009EA917 /* SearchViewController.swift */ = {isa = PBXFileReference; fileEncoding = 4; lastKnownFileType = sourcecode.swift; path = SearchViewController.swift; sourceTree = "<group>"; };
		06C155062C5BCD0B009EA917 /* PasswordViewController.swift */ = {isa = PBXFileReference; fileEncoding = 4; lastKnownFileType = sourcecode.swift; path = PasswordViewController.swift; sourceTree = "<group>"; };
		06C155072C5BCD0B009EA917 /* SignUpViewController.swift */ = {isa = PBXFileReference; fileEncoding = 4; lastKnownFileType = sourcecode.swift; path = SignUpViewController.swift; sourceTree = "<group>"; };
/* End PBXFileReference section */

/* Begin PBXFrameworksBuildPhase section */
		06C154C12C5A7D7D009EA917 /* Frameworks */ = {
			isa = PBXFrameworksBuildPhase;
			buildActionMask = 2147483647;
			files = (
				06C154E22C5A7DC7009EA917 /* RxSwift in Frameworks */,
				06C154E02C5A7DC7009EA917 /* RxCocoa in Frameworks */,
				06C154DD2C5A7DB0009EA917 /* SnapKit in Frameworks */,
			);
			runOnlyForDeploymentPostprocessing = 0;
		};
/* End PBXFrameworksBuildPhase section */

/* Begin PBXGroup section */
		06C154BB2C5A7D7D009EA917 = {
			isa = PBXGroup;
			children = (
				06C154E52C5A7E0B009EA917 /* .gitignore */,
				06C154C62C5A7D7D009EA917 /* RxSwiftPractice */,
				06C154C52C5A7D7D009EA917 /* Products */,
			);
			sourceTree = "<group>";
		};
		06C154C52C5A7D7D009EA917 /* Products */ = {
			isa = PBXGroup;
			children = (
				06C154C42C5A7D7D009EA917 /* RxSwiftPractice.app */,
			);
			name = Products;
			sourceTree = "<group>";
		};
		06C154C62C5A7D7D009EA917 /* RxSwiftPractice */ = {
			isa = PBXGroup;
			children = (
				06C154FD2C5BCD0B009EA917 /* CustomView */,
				06C155052C5BCD0B009EA917 /* Search */,
				06C154FA2C5BCD0B009EA917 /* SignIn */,
				06C155082C5BCD0B009EA917 /* SignUp */,
				06C155012C5BCD0B009EA917 /* SignUpOptional */,
				06C154C72C5A7D7D009EA917 /* AppDelegate.swift */,
				06C154C92C5A7D7D009EA917 /* SceneDelegate.swift */,
				06C154CB2C5A7D7D009EA917 /* ViewController.swift */,
				06C154D02C5A7D7F009EA917 /* Assets.xcassets */,
				06C154D22C5A7D7F009EA917 /* LaunchScreen.storyboard */,
				06C154D52C5A7D7F009EA917 /* Info.plist */,
				06C154EA2C5AA597009EA917 /* AddVC.swift */,
				06C154EC2C5BCCE7009EA917 /* Resource.swift */,
			);
			path = RxSwiftPractice;
			sourceTree = "<group>";
		};
		06C154FA2C5BCD0B009EA917 /* SignIn */ = {
			isa = PBXGroup;
			children = (
				06C154F82C5BCD0B009EA917 /* SignInViewController.swift */,
				06C154F92C5BCD0B009EA917 /* SignInViewModel.swift */,
			);
			path = SignIn;
			sourceTree = "<group>";
		};
		06C154FD2C5BCD0B009EA917 /* CustomView */ = {
			isa = PBXGroup;
			children = (
				06C154FB2C5BCD0B009EA917 /* PointButton.swift */,
				06C154FC2C5BCD0B009EA917 /* SignTextField.swift */,
			);
			path = CustomView;
			sourceTree = "<group>";
		};
		06C155012C5BCD0B009EA917 /* SignUpOptional */ = {
			isa = PBXGroup;
			children = (
				06C154FE2C5BCD0B009EA917 /* BirthdayViewController.swift */,
				06C154FF2C5BCD0B009EA917 /* NicknameViewController.swift */,
				06C155002C5BCD0B009EA917 /* PhoneViewController.swift */,
			);
			path = SignUpOptional;
			sourceTree = "<group>";
		};
		06C155052C5BCD0B009EA917 /* Search */ = {
			isa = PBXGroup;
			children = (
				06C155022C5BCD0B009EA917 /* DetailViewController.swift */,
				06C155032C5BCD0B009EA917 /* SearchTableViewCell.swift */,
				06C155042C5BCD0B009EA917 /* SearchViewController.swift */,
			);
			path = Search;
			sourceTree = "<group>";
		};
		06C155082C5BCD0B009EA917 /* SignUp */ = {
			isa = PBXGroup;
			children = (
				06C155062C5BCD0B009EA917 /* PasswordViewController.swift */,
				06C155072C5BCD0B009EA917 /* SignUpViewController.swift */,
			);
			path = SignUp;
			sourceTree = "<group>";
		};
/* End PBXGroup section */

/* Begin PBXNativeTarget section */
		06C154C32C5A7D7D009EA917 /* RxSwiftPractice */ = {
			isa = PBXNativeTarget;
			buildConfigurationList = 06C154D82C5A7D7F009EA917 /* Build configuration list for PBXNativeTarget "RxSwiftPractice" */;
			buildPhases = (
				06C154C02C5A7D7D009EA917 /* Sources */,
				06C154C12C5A7D7D009EA917 /* Frameworks */,
				06C154C22C5A7D7D009EA917 /* Resources */,
			);
			buildRules = (
			);
			dependencies = (
			);
			name = RxSwiftPractice;
			packageProductDependencies = (
				06C154DC2C5A7DB0009EA917 /* SnapKit */,
				06C154DF2C5A7DC7009EA917 /* RxCocoa */,
				06C154E12C5A7DC7009EA917 /* RxSwift */,
			);
			productName = RxSwiftPractice;
			productReference = 06C154C42C5A7D7D009EA917 /* RxSwiftPractice.app */;
			productType = "com.apple.product-type.application";
		};
/* End PBXNativeTarget section */

/* Begin PBXProject section */
		06C154BC2C5A7D7D009EA917 /* Project object */ = {
			isa = PBXProject;
			attributes = {
				BuildIndependentTargetsInParallel = 1;
				LastSwiftUpdateCheck = 1540;
				LastUpgradeCheck = 1540;
				TargetAttributes = {
					06C154C32C5A7D7D009EA917 = {
						CreatedOnToolsVersion = 15.4;
					};
				};
			};
			buildConfigurationList = 06C154BF2C5A7D7D009EA917 /* Build configuration list for PBXProject "RxSwiftPractice" */;
			compatibilityVersion = "Xcode 14.0";
			developmentRegion = en;
			hasScannedForEncodings = 0;
			knownRegions = (
				en,
				Base,
			);
			mainGroup = 06C154BB2C5A7D7D009EA917;
			packageReferences = (
				06C154DB2C5A7DB0009EA917 /* XCRemoteSwiftPackageReference "SnapKit" */,
				06C154DE2C5A7DC7009EA917 /* XCRemoteSwiftPackageReference "RxSwift" */,
			);
			productRefGroup = 06C154C52C5A7D7D009EA917 /* Products */;
			projectDirPath = "";
			projectRoot = "";
			targets = (
				06C154C32C5A7D7D009EA917 /* RxSwiftPractice */,
			);
		};
/* End PBXProject section */

/* Begin PBXResourcesBuildPhase section */
		06C154C22C5A7D7D009EA917 /* Resources */ = {
			isa = PBXResourcesBuildPhase;
			buildActionMask = 2147483647;
			files = (
				06C154D12C5A7D7F009EA917 /* Assets.xcassets in Resources */,
				06C154E62C5A7E0B009EA917 /* .gitignore in Resources */,
				06C154D42C5A7D7F009EA917 /* Base in Resources */,
			);
			runOnlyForDeploymentPostprocessing = 0;
		};
/* End PBXResourcesBuildPhase section */

/* Begin PBXSourcesBuildPhase section */
		06C154C02C5A7D7D009EA917 /* Sources */ = {
			isa = PBXSourcesBuildPhase;
			buildActionMask = 2147483647;
			files = (
				06C155122C5BCD0B009EA917 /* SearchViewController.swift in Sources */,
				06C155102C5BCD0B009EA917 /* DetailViewController.swift in Sources */,
				06C154EB2C5AA597009EA917 /* AddVC.swift in Sources */,
				06C1550A2C5BCD0B009EA917 /* SignInViewModel.swift in Sources */,
				06C1550B2C5BCD0B009EA917 /* PointButton.swift in Sources */,
				06C155142C5BCD0B009EA917 /* SignUpViewController.swift in Sources */,
				06C154CC2C5A7D7D009EA917 /* ViewController.swift in Sources */,
				06C1550C2C5BCD0B009EA917 /* SignTextField.swift in Sources */,
				06C1550D2C5BCD0B009EA917 /* BirthdayViewController.swift in Sources */,
				06C1550E2C5BCD0B009EA917 /* NicknameViewController.swift in Sources */,
				06C155132C5BCD0B009EA917 /* PasswordViewController.swift in Sources */,
				06C155092C5BCD0B009EA917 /* SignInViewController.swift in Sources */,
				06C154C82C5A7D7D009EA917 /* AppDelegate.swift in Sources */,
				06C1550F2C5BCD0B009EA917 /* PhoneViewController.swift in Sources */,
				06C154ED2C5BCCE7009EA917 /* Resource.swift in Sources */,
				06C154CA2C5A7D7D009EA917 /* SceneDelegate.swift in Sources */,
				06C155112C5BCD0B009EA917 /* SearchTableViewCell.swift in Sources */,
			);
			runOnlyForDeploymentPostprocessing = 0;
		};
/* End PBXSourcesBuildPhase section */

/* Begin PBXVariantGroup section */
		06C154D22C5A7D7F009EA917 /* LaunchScreen.storyboard */ = {
			isa = PBXVariantGroup;
			children = (
				06C154D32C5A7D7F009EA917 /* Base */,
			);
			name = LaunchScreen.storyboard;
			sourceTree = "<group>";
		};
/* End PBXVariantGroup section */

/* Begin XCBuildConfiguration section */
		06C154D62C5A7D7F009EA917 /* Debug */ = {
			isa = XCBuildConfiguration;
			buildSettings = {
				ALWAYS_SEARCH_USER_PATHS = NO;
				ASSETCATALOG_COMPILER_GENERATE_SWIFT_ASSET_SYMBOL_EXTENSIONS = YES;
				CLANG_ANALYZER_NONNULL = YES;
				CLANG_ANALYZER_NUMBER_OBJECT_CONVERSION = YES_AGGRESSIVE;
				CLANG_CXX_LANGUAGE_STANDARD = "gnu++20";
				CLANG_ENABLE_MODULES = YES;
				CLANG_ENABLE_OBJC_ARC = YES;
				CLANG_ENABLE_OBJC_WEAK = YES;
				CLANG_WARN_BLOCK_CAPTURE_AUTORELEASING = YES;
				CLANG_WARN_BOOL_CONVERSION = YES;
				CLANG_WARN_COMMA = YES;
				CLANG_WARN_CONSTANT_CONVERSION = YES;
				CLANG_WARN_DEPRECATED_OBJC_IMPLEMENTATIONS = YES;
				CLANG_WARN_DIRECT_OBJC_ISA_USAGE = YES_ERROR;
				CLANG_WARN_DOCUMENTATION_COMMENTS = YES;
				CLANG_WARN_EMPTY_BODY = YES;
				CLANG_WARN_ENUM_CONVERSION = YES;
				CLANG_WARN_INFINITE_RECURSION = YES;
				CLANG_WARN_INT_CONVERSION = YES;
				CLANG_WARN_NON_LITERAL_NULL_CONVERSION = YES;
				CLANG_WARN_OBJC_IMPLICIT_RETAIN_SELF = YES;
				CLANG_WARN_OBJC_LITERAL_CONVERSION = YES;
				CLANG_WARN_OBJC_ROOT_CLASS = YES_ERROR;
				CLANG_WARN_QUOTED_INCLUDE_IN_FRAMEWORK_HEADER = YES;
				CLANG_WARN_RANGE_LOOP_ANALYSIS = YES;
				CLANG_WARN_STRICT_PROTOTYPES = YES;
				CLANG_WARN_SUSPICIOUS_MOVE = YES;
				CLANG_WARN_UNGUARDED_AVAILABILITY = YES_AGGRESSIVE;
				CLANG_WARN_UNREACHABLE_CODE = YES;
				CLANG_WARN__DUPLICATE_METHOD_MATCH = YES;
				COPY_PHASE_STRIP = NO;
				DEBUG_INFORMATION_FORMAT = dwarf;
				ENABLE_STRICT_OBJC_MSGSEND = YES;
				ENABLE_TESTABILITY = YES;
				ENABLE_USER_SCRIPT_SANDBOXING = YES;
				GCC_C_LANGUAGE_STANDARD = gnu17;
				GCC_DYNAMIC_NO_PIC = NO;
				GCC_NO_COMMON_BLOCKS = YES;
				GCC_OPTIMIZATION_LEVEL = 0;
				GCC_PREPROCESSOR_DEFINITIONS = (
					"DEBUG=1",
					"$(inherited)",
				);
				GCC_WARN_64_TO_32_BIT_CONVERSION = YES;
				GCC_WARN_ABOUT_RETURN_TYPE = YES_ERROR;
				GCC_WARN_UNDECLARED_SELECTOR = YES;
				GCC_WARN_UNINITIALIZED_AUTOS = YES_AGGRESSIVE;
				GCC_WARN_UNUSED_FUNCTION = YES;
				GCC_WARN_UNUSED_VARIABLE = YES;
				IPHONEOS_DEPLOYMENT_TARGET = 17.5;
				LOCALIZATION_PREFERS_STRING_CATALOGS = YES;
				MTL_ENABLE_DEBUG_INFO = INCLUDE_SOURCE;
				MTL_FAST_MATH = YES;
				ONLY_ACTIVE_ARCH = YES;
				SDKROOT = iphoneos;
				SWIFT_ACTIVE_COMPILATION_CONDITIONS = "DEBUG $(inherited)";
				SWIFT_OPTIMIZATION_LEVEL = "-Onone";
			};
			name = Debug;
		};
		06C154D72C5A7D7F009EA917 /* Release */ = {
			isa = XCBuildConfiguration;
			buildSettings = {
				ALWAYS_SEARCH_USER_PATHS = NO;
				ASSETCATALOG_COMPILER_GENERATE_SWIFT_ASSET_SYMBOL_EXTENSIONS = YES;
				CLANG_ANALYZER_NONNULL = YES;
				CLANG_ANALYZER_NUMBER_OBJECT_CONVERSION = YES_AGGRESSIVE;
				CLANG_CXX_LANGUAGE_STANDARD = "gnu++20";
				CLANG_ENABLE_MODULES = YES;
				CLANG_ENABLE_OBJC_ARC = YES;
				CLANG_ENABLE_OBJC_WEAK = YES;
				CLANG_WARN_BLOCK_CAPTURE_AUTORELEASING = YES;
				CLANG_WARN_BOOL_CONVERSION = YES;
				CLANG_WARN_COMMA = YES;
				CLANG_WARN_CONSTANT_CONVERSION = YES;
				CLANG_WARN_DEPRECATED_OBJC_IMPLEMENTATIONS = YES;
				CLANG_WARN_DIRECT_OBJC_ISA_USAGE = YES_ERROR;
				CLANG_WARN_DOCUMENTATION_COMMENTS = YES;
				CLANG_WARN_EMPTY_BODY = YES;
				CLANG_WARN_ENUM_CONVERSION = YES;
				CLANG_WARN_INFINITE_RECURSION = YES;
				CLANG_WARN_INT_CONVERSION = YES;
				CLANG_WARN_NON_LITERAL_NULL_CONVERSION = YES;
				CLANG_WARN_OBJC_IMPLICIT_RETAIN_SELF = YES;
				CLANG_WARN_OBJC_LITERAL_CONVERSION = YES;
				CLANG_WARN_OBJC_ROOT_CLASS = YES_ERROR;
				CLANG_WARN_QUOTED_INCLUDE_IN_FRAMEWORK_HEADER = YES;
				CLANG_WARN_RANGE_LOOP_ANALYSIS = YES;
				CLANG_WARN_STRICT_PROTOTYPES = YES;
				CLANG_WARN_SUSPICIOUS_MOVE = YES;
				CLANG_WARN_UNGUARDED_AVAILABILITY = YES_AGGRESSIVE;
				CLANG_WARN_UNREACHABLE_CODE = YES;
				CLANG_WARN__DUPLICATE_METHOD_MATCH = YES;
				COPY_PHASE_STRIP = NO;
				DEBUG_INFORMATION_FORMAT = "dwarf-with-dsym";
				ENABLE_NS_ASSERTIONS = NO;
				ENABLE_STRICT_OBJC_MSGSEND = YES;
				ENABLE_USER_SCRIPT_SANDBOXING = YES;
				GCC_C_LANGUAGE_STANDARD = gnu17;
				GCC_NO_COMMON_BLOCKS = YES;
				GCC_WARN_64_TO_32_BIT_CONVERSION = YES;
				GCC_WARN_ABOUT_RETURN_TYPE = YES_ERROR;
				GCC_WARN_UNDECLARED_SELECTOR = YES;
				GCC_WARN_UNINITIALIZED_AUTOS = YES_AGGRESSIVE;
				GCC_WARN_UNUSED_FUNCTION = YES;
				GCC_WARN_UNUSED_VARIABLE = YES;
				IPHONEOS_DEPLOYMENT_TARGET = 17.5;
				LOCALIZATION_PREFERS_STRING_CATALOGS = YES;
				MTL_ENABLE_DEBUG_INFO = NO;
				MTL_FAST_MATH = YES;
				SDKROOT = iphoneos;
				SWIFT_COMPILATION_MODE = wholemodule;
				VALIDATE_PRODUCT = YES;
			};
			name = Release;
		};
		06C154D92C5A7D7F009EA917 /* Debug */ = {
			isa = XCBuildConfiguration;
			buildSettings = {
				ASSETCATALOG_COMPILER_APPICON_NAME = AppIcon;
				ASSETCATALOG_COMPILER_GLOBAL_ACCENT_COLOR_NAME = AccentColor;
				CODE_SIGN_STYLE = Automatic;
				CURRENT_PROJECT_VERSION = 1;
				DEVELOPMENT_TEAM = G9LS4YQCM2;
				GENERATE_INFOPLIST_FILE = YES;
				INFOPLIST_FILE = RxSwiftPractice/Info.plist;
				INFOPLIST_KEY_UIApplicationSupportsIndirectInputEvents = YES;
				INFOPLIST_KEY_UILaunchStoryboardName = LaunchScreen;
				INFOPLIST_KEY_UISupportedInterfaceOrientations = UIInterfaceOrientationPortrait;
				INFOPLIST_KEY_UISupportedInterfaceOrientations_iPad = "UIInterfaceOrientationLandscapeLeft UIInterfaceOrientationLandscapeRight UIInterfaceOrientationPortrait UIInterfaceOrientationPortraitUpsideDown";
				IPHONEOS_DEPLOYMENT_TARGET = 16.0;
				LD_RUNPATH_SEARCH_PATHS = (
					"$(inherited)",
					"@executable_path/Frameworks",
				);
				MARKETING_VERSION = 1.0;
				PRODUCT_BUNDLE_IDENTIFIER = com.Sixteenis.RxSwiftPractice;
				PRODUCT_NAME = "$(TARGET_NAME)";
				SUPPORTED_PLATFORMS = "iphoneos iphonesimulator";
				SUPPORTS_MACCATALYST = NO;
				SUPPORTS_MAC_DESIGNED_FOR_IPHONE_IPAD = NO;
				SUPPORTS_XR_DESIGNED_FOR_IPHONE_IPAD = NO;
				SWIFT_EMIT_LOC_STRINGS = YES;
				SWIFT_VERSION = 5.0;
				TARGETED_DEVICE_FAMILY = 1;
			};
			name = Debug;
		};
		06C154DA2C5A7D7F009EA917 /* Release */ = {
			isa = XCBuildConfiguration;
			buildSettings = {
				ASSETCATALOG_COMPILER_APPICON_NAME = AppIcon;
				ASSETCATALOG_COMPILER_GLOBAL_ACCENT_COLOR_NAME = AccentColor;
				CODE_SIGN_STYLE = Automatic;
				CURRENT_PROJECT_VERSION = 1;
				DEVELOPMENT_TEAM = G9LS4YQCM2;
				GENERATE_INFOPLIST_FILE = YES;
				INFOPLIST_FILE = RxSwiftPractice/Info.plist;
				INFOPLIST_KEY_UIApplicationSupportsIndirectInputEvents = YES;
				INFOPLIST_KEY_UILaunchStoryboardName = LaunchScreen;
				INFOPLIST_KEY_UISupportedInterfaceOrientations = UIInterfaceOrientationPortrait;
				INFOPLIST_KEY_UISupportedInterfaceOrientations_iPad = "UIInterfaceOrientationLandscapeLeft UIInterfaceOrientationLandscapeRight UIInterfaceOrientationPortrait UIInterfaceOrientationPortraitUpsideDown";
				IPHONEOS_DEPLOYMENT_TARGET = 16.0;
				LD_RUNPATH_SEARCH_PATHS = (
					"$(inherited)",
					"@executable_path/Frameworks",
				);
				MARKETING_VERSION = 1.0;
				PRODUCT_BUNDLE_IDENTIFIER = com.Sixteenis.RxSwiftPractice;
				PRODUCT_NAME = "$(TARGET_NAME)";
				SUPPORTED_PLATFORMS = "iphoneos iphonesimulator";
				SUPPORTS_MACCATALYST = NO;
				SUPPORTS_MAC_DESIGNED_FOR_IPHONE_IPAD = NO;
				SUPPORTS_XR_DESIGNED_FOR_IPHONE_IPAD = NO;
				SWIFT_EMIT_LOC_STRINGS = YES;
				SWIFT_VERSION = 5.0;
				TARGETED_DEVICE_FAMILY = 1;
			};
			name = Release;
		};
/* End XCBuildConfiguration section */

/* Begin XCConfigurationList section */
		06C154BF2C5A7D7D009EA917 /* Build configuration list for PBXProject "RxSwiftPractice" */ = {
			isa = XCConfigurationList;
			buildConfigurations = (
				06C154D62C5A7D7F009EA917 /* Debug */,
				06C154D72C5A7D7F009EA917 /* Release */,
			);
			defaultConfigurationIsVisible = 0;
			defaultConfigurationName = Release;
		};
		06C154D82C5A7D7F009EA917 /* Build configuration list for PBXNativeTarget "RxSwiftPractice" */ = {
			isa = XCConfigurationList;
			buildConfigurations = (
				06C154D92C5A7D7F009EA917 /* Debug */,
				06C154DA2C5A7D7F009EA917 /* Release */,
			);
			defaultConfigurationIsVisible = 0;
			defaultConfigurationName = Release;
		};
/* End XCConfigurationList section */

/* Begin XCRemoteSwiftPackageReference section */
		06C154DB2C5A7DB0009EA917 /* XCRemoteSwiftPackageReference "SnapKit" */ = {
			isa = XCRemoteSwiftPackageReference;
			repositoryURL = "https://github.com/SnapKit/SnapKit.git";
			requirement = {
				kind = upToNextMajorVersion;
				minimumVersion = 5.7.1;
			};
		};
		06C154DE2C5A7DC7009EA917 /* XCRemoteSwiftPackageReference "RxSwift" */ = {
			isa = XCRemoteSwiftPackageReference;
			repositoryURL = "https://github.com/ReactiveX/RxSwift.git";
			requirement = {
				kind = upToNextMajorVersion;
				minimumVersion = 6.7.1;
			};
		};
/* End XCRemoteSwiftPackageReference section */

/* Begin XCSwiftPackageProductDependency section */
		06C154DC2C5A7DB0009EA917 /* SnapKit */ = {
			isa = XCSwiftPackageProductDependency;
			package = 06C154DB2C5A7DB0009EA917 /* XCRemoteSwiftPackageReference "SnapKit" */;
			productName = SnapKit;
		};
		06C154DF2C5A7DC7009EA917 /* RxCocoa */ = {
			isa = XCSwiftPackageProductDependency;
			package = 06C154DE2C5A7DC7009EA917 /* XCRemoteSwiftPackageReference "RxSwift" */;
			productName = RxCocoa;
		};
		06C154E12C5A7DC7009EA917 /* RxSwift */ = {
			isa = XCSwiftPackageProductDependency;
			package = 06C154DE2C5A7DC7009EA917 /* XCRemoteSwiftPackageReference "RxSwift" */;
			productName = RxSwift;
		};
/* End XCSwiftPackageProductDependency section */
	};
	rootObject = 06C154BC2C5A7D7D009EA917 /* Project object */;
}
